
Microsoft Visual Studio Solution File, Format Version 12.00
# Visual Studio 15
VisualStudioVersion = 15.0.28010.2050
MinimumVisualStudioVersion = 10.0.40219.1
Project("{FAE04EC0-301F-11D3-BF4B-00C04F79EFBC}") = "Intership-7-Library.Presentation", "Intership-7-Library.Presentation\Intership-7-Library.Presentation.csproj", "{2BAE4EFD-082E-4B4B-B713-2F002E69DA47}"
EndProject
Project("{FAE04EC0-301F-11D3-BF4B-00C04F79EFBC}") = "Internship-7-Library.Domain", "Internship-7-Library.Domain\Internship-7-Library.Domain.csproj", "{2AF2CB09-9D5C-4043-A472-3651B2E8FADB}"
EndProject
Project("{FAE04EC0-301F-11D3-BF4B-00C04F79EFBC}") = "Internship-7-Library.Data", "Internship-7-Library.Data\Internship-7-Library.Data.csproj", "{D52C4C5F-D07A-4511-A403-AA042E0663D9}"
EndProject
Global
	GlobalSection(SolutionConfigurationPlatforms) = preSolution
		Debug|Any CPU = Debug|Any CPU
		Release|Any CPU = Release|Any CPU
	EndGlobalSection
	GlobalSection(ProjectConfigurationPlatforms) = postSolution
		{2BAE4EFD-082E-4B4B-B713-2F002E69DA47}.Debug|Any CPU.ActiveCfg = Debug|Any CPU
		{2BAE4EFD-082E-4B4B-B713-2F002E69DA47}.Debug|Any CPU.Build.0 = Debug|Any CPU
		{2BAE4EFD-082E-4B4B-B713-2F002E69DA47}.Release|Any CPU.ActiveCfg = Release|Any CPU
		{2BAE4EFD-082E-4B4B-B713-2F002E69DA47}.Release|Any CPU.Build.0 = Release|Any CPU
		{2AF2CB09-9D5C-4043-A472-3651B2E8FADB}.Debug|Any CPU.ActiveCfg = Debug|Any CPU
		{2AF2CB09-9D5C-4043-A472-3651B2E8FADB}.Debug|Any CPU.Build.0 = Debug|Any CPU
		{2AF2CB09-9D5C-4043-A472-3651B2E8FADB}.Release|Any CPU.ActiveCfg = Release|Any CPU
		{2AF2CB09-9D5C-4043-A472-3651B2E8FADB}.Release|Any CPU.Build.0 = Release|Any CPU
		{D52C4C5F-D07A-4511-A403-AA042E0663D9}.Debug|Any CPU.ActiveCfg = Debug|Any CPU
		{D52C4C5F-D07A-4511-A403-AA042E0663D9}.Debug|Any CPU.Build.0 = Debug|Any CPU
		{D52C4C5F-D07A-4511-A403-AA042E0663D9}.Release|Any CPU.ActiveCfg = Release|Any CPU
		{D52C4C5F-D07A-4511-A403-AA042E0663D9}.Release|Any CPU.Build.0 = Release|Any CPU
	EndGlobalSection
	GlobalSection(SolutionProperties) = preSolution
		HideSolutionNode = FALSE
	EndGlobalSection
	GlobalSection(ExtensibilityGlobals) = postSolution
		SolutionGuid = {B58E1A31-BBF3-4EFE-8699-188517E07A75}
	EndGlobalSection
EndGlobal
